
Microsoft Visual Studio Solution File, Format Version 12.00
# Visual Studio Version 17
VisualStudioVersion = 17.2.32422.2
MinimumVisualStudioVersion = 10.0.40219.1
Project("{9A19103F-16F7-4668-BE54-9A1E7A4F7556}") = "Web4", "Web4\Web4.csproj", "{7405B7E8-CAD8-40AF-A75F-9888CE7E9E20}"
EndProject
Project("{9A19103F-16F7-4668-BE54-9A1E7A4F7556}") = "Web4.Core", "Web4.Core\Web4.Core.csproj", "{4155746B-86B7-4968-A606-1B30F6CDFE4C}"
EndProject
Project("{9A19103F-16F7-4668-BE54-9A1E7A4F7556}") = "Web4.Index", "Web4.Index\Web4.Index.csproj", "{20F101E0-99EE-4FE9-9A36-EB7DFBB6FBA7}"
EndProject
Project("{9A19103F-16F7-4668-BE54-9A1E7A4F7556}") = "Web4.Handlebars", "Web4.Handlebars\Web4.Handlebars.csproj", "{F06E5064-263B-4F0D-8E61-00DB2D17634D}"
EndProject
Project("{9A19103F-16F7-4668-BE54-9A1E7A4F7556}") = "Web4.Examples", "Web4.Examples\Web4.Examples.csproj", "{95EA644B-35BF-419D-A40E-E373CFBA7358}"
EndProject
Project("{9A19103F-16F7-4668-BE54-9A1E7A4F7556}") = "Web4.ImageMagick", "Web4.ImageMagick\Web4.ImageMagick.csproj", "{3D3D04EE-8248-471D-8D30-B20BA058557F}"
EndProject
Project("{2150E333-8FDC-42A3-9474-1A3956D46DE8}") = "Tests", "Tests", "{9F103083-2DA1-4EF7-8C50-FDBC4C909EAD}"
EndProject
Project("{9A19103F-16F7-4668-BE54-9A1E7A4F7556}") = "Web4.ImageMagick.Tests", "Tests\Web4.ImageMagick.Tests\Web4.ImageMagick.Tests.csproj", "{746DAF34-1931-45A3-B22F-37A6CDA45150}"
EndProject
Project("{9A19103F-16F7-4668-BE54-9A1E7A4F7556}") = "Web4.ImageSharp", "Web4.ImageSharp\Web4.ImageSharp.csproj", "{F94E5EC1-CA7D-4F76-8A7E-93BF470B1AA6}"
EndProject
Project("{9A19103F-16F7-4668-BE54-9A1E7A4F7556}") = "Web4.FFMpeg", "Web4.FFMpeg\Web4.FFMpeg.csproj", "{84BEB4FF-6616-44FB-AF75-90E192D71AD1}"
EndProject
Project("{2150E333-8FDC-42A3-9474-1A3956D46DE8}") = "Sites", "Sites", "{CC92151C-10ED-4E97-AC8A-D1A67A6AED39}"
EndProject
Global
	GlobalSection(SolutionConfigurationPlatforms) = preSolution
		Debug|Any CPU = Debug|Any CPU
		Release|Any CPU = Release|Any CPU
	EndGlobalSection
	GlobalSection(ProjectConfigurationPlatforms) = postSolution
		{7405B7E8-CAD8-40AF-A75F-9888CE7E9E20}.Debug|Any CPU.ActiveCfg = Debug|Any CPU
		{7405B7E8-CAD8-40AF-A75F-9888CE7E9E20}.Debug|Any CPU.Build.0 = Debug|Any CPU
		{7405B7E8-CAD8-40AF-A75F-9888CE7E9E20}.Release|Any CPU.ActiveCfg = Release|Any CPU
		{7405B7E8-CAD8-40AF-A75F-9888CE7E9E20}.Release|Any CPU.Build.0 = Release|Any CPU
		{4155746B-86B7-4968-A606-1B30F6CDFE4C}.Debug|Any CPU.ActiveCfg = Debug|Any CPU
		{4155746B-86B7-4968-A606-1B30F6CDFE4C}.Debug|Any CPU.Build.0 = Debug|Any CPU
		{4155746B-86B7-4968-A606-1B30F6CDFE4C}.Release|Any CPU.ActiveCfg = Release|Any CPU
		{4155746B-86B7-4968-A606-1B30F6CDFE4C}.Release|Any CPU.Build.0 = Release|Any CPU
		{20F101E0-99EE-4FE9-9A36-EB7DFBB6FBA7}.Debug|Any CPU.ActiveCfg = Debug|Any CPU
		{20F101E0-99EE-4FE9-9A36-EB7DFBB6FBA7}.Debug|Any CPU.Build.0 = Debug|Any CPU
		{20F101E0-99EE-4FE9-9A36-EB7DFBB6FBA7}.Release|Any CPU.ActiveCfg = Release|Any CPU
		{20F101E0-99EE-4FE9-9A36-EB7DFBB6FBA7}.Release|Any CPU.Build.0 = Release|Any CPU
		{F06E5064-263B-4F0D-8E61-00DB2D17634D}.Debug|Any CPU.ActiveCfg = Debug|Any CPU
		{F06E5064-263B-4F0D-8E61-00DB2D17634D}.Debug|Any CPU.Build.0 = Debug|Any CPU
		{F06E5064-263B-4F0D-8E61-00DB2D17634D}.Release|Any CPU.ActiveCfg = Release|Any CPU
		{F06E5064-263B-4F0D-8E61-00DB2D17634D}.Release|Any CPU.Build.0 = Release|Any CPU
		{95EA644B-35BF-419D-A40E-E373CFBA7358}.Debug|Any CPU.ActiveCfg = Debug|Any CPU
		{95EA644B-35BF-419D-A40E-E373CFBA7358}.Debug|Any CPU.Build.0 = Debug|Any CPU
		{95EA644B-35BF-419D-A40E-E373CFBA7358}.Release|Any CPU.ActiveCfg = Release|Any CPU
		{95EA644B-35BF-419D-A40E-E373CFBA7358}.Release|Any CPU.Build.0 = Release|Any CPU
		{3D3D04EE-8248-471D-8D30-B20BA058557F}.Debug|Any CPU.ActiveCfg = Debug|Any CPU
		{3D3D04EE-8248-471D-8D30-B20BA058557F}.Debug|Any CPU.Build.0 = Debug|Any CPU
		{3D3D04EE-8248-471D-8D30-B20BA058557F}.Release|Any CPU.ActiveCfg = Release|Any CPU
		{3D3D04EE-8248-471D-8D30-B20BA058557F}.Release|Any CPU.Build.0 = Release|Any CPU
		{746DAF34-1931-45A3-B22F-37A6CDA45150}.Debug|Any CPU.ActiveCfg = Debug|Any CPU
		{746DAF34-1931-45A3-B22F-37A6CDA45150}.Debug|Any CPU.Build.0 = Debug|Any CPU
		{746DAF34-1931-45A3-B22F-37A6CDA45150}.Release|Any CPU.ActiveCfg = Release|Any CPU
		{746DAF34-1931-45A3-B22F-37A6CDA45150}.Release|Any CPU.Build.0 = Release|Any CPU
		{F94E5EC1-CA7D-4F76-8A7E-93BF470B1AA6}.Debug|Any CPU.ActiveCfg = Debug|Any CPU
		{F94E5EC1-CA7D-4F76-8A7E-93BF470B1AA6}.Debug|Any CPU.Build.0 = Debug|Any CPU
		{F94E5EC1-CA7D-4F76-8A7E-93BF470B1AA6}.Release|Any CPU.ActiveCfg = Release|Any CPU
		{F94E5EC1-CA7D-4F76-8A7E-93BF470B1AA6}.Release|Any CPU.Build.0 = Release|Any CPU
		{84BEB4FF-6616-44FB-AF75-90E192D71AD1}.Debug|Any CPU.ActiveCfg = Debug|Any CPU
		{84BEB4FF-6616-44FB-AF75-90E192D71AD1}.Debug|Any CPU.Build.0 = Debug|Any CPU
		{84BEB4FF-6616-44FB-AF75-90E192D71AD1}.Release|Any CPU.ActiveCfg = Release|Any CPU
		{84BEB4FF-6616-44FB-AF75-90E192D71AD1}.Release|Any CPU.Build.0 = Release|Any CPU
	EndGlobalSection
	GlobalSection(SolutionProperties) = preSolution
		HideSolutionNode = FALSE
	EndGlobalSection
	GlobalSection(NestedProjects) = preSolution
		{746DAF34-1931-45A3-B22F-37A6CDA45150} = {9F103083-2DA1-4EF7-8C50-FDBC4C909EAD}
		{95EA644B-35BF-419D-A40E-E373CFBA7358} = {CC92151C-10ED-4E97-AC8A-D1A67A6AED39}
		{20F101E0-99EE-4FE9-9A36-EB7DFBB6FBA7} = {CC92151C-10ED-4E97-AC8A-D1A67A6AED39}
	EndGlobalSection
	GlobalSection(ExtensibilityGlobals) = postSolution
		SolutionGuid = {E7B62079-B259-4950-A1D1-2E579358E0FC}
	EndGlobalSection
EndGlobal
